{
  "name": "projot",
  "lockfileVersion": 3,
  "requires": true,
  "packages": {
    "": {
      "devDependencies": {
        "sigmap": "^6.10.10"
      }
    },
    "node_modules/sigmap": {
      "version": "6.10.10",
      "resolved": "https://registry.npmjs.org/sigmap/-/sigmap-6.10.10.tgz",
      "integrity": "sha512-f8k7PTdFob6zcVJKG/ANehGV/nFXjAwdneRVim5V3qi5MxE7PbXf5YVFHrc6f5m/4qh2P3d7hjSpXffIuGaVTw==",
      "dev": true,
      "bin": {
        "gen-context": "gen-context.js",
        "gen-project-map": "gen-project-map.js",
        "sigmap": "gen-context.js"
      },
      "engines": {
        "node": ">=18.0.0"
      }
    }
  }
}
